// !$*UTF8*$!
{
	archiveVersion = 1;
	classes = {
	};
	objectVersion = 50;
	objects = {

/* Begin PBXBuildFile section */
		958F89E0218B3CC700AE4EF2 /* AppDelegate.swift in Sources */ = {isa = PBXBuildFile; fileRef = 958F89DF218B3CC700AE4EF2 /* AppDelegate.swift */; };
		958F89E2218B3CC700AE4EF2 /* ArtViewController.swift in Sources */ = {isa = PBXBuildFile; fileRef = 958F89E1218B3CC700AE4EF2 /* ArtViewController.swift */; };
		958F89E5218B3CC700AE4EF2 /* Main.storyboard in Resources */ = {isa = PBXBuildFile; fileRef = 958F89E3218B3CC700AE4EF2 /* Main.storyboard */; };
		958F89E7218B3CC900AE4EF2 /* Assets.xcassets in Resources */ = {isa = PBXBuildFile; fileRef = 958F89E6218B3CC900AE4EF2 /* Assets.xcassets */; };
		958F89EA218B3CC900AE4EF2 /* LaunchScreen.storyboard in Resources */ = {isa = PBXBuildFile; fileRef = 958F89E8218B3CC900AE4EF2 /* LaunchScreen.storyboard */; };
		958F89F5218B4B5400AE4EF2 /* DrawingView.swift in Sources */ = {isa = PBXBuildFile; fileRef = 958F89F4218B4B5400AE4EF2 /* DrawingView.swift */; };
/* End PBXBuildFile section */

/* Begin PBXFileReference section */
		958F89DC218B3CC700AE4EF2 /* GuillermoCreativity.app */ = {isa = PBXFileReference; explicitFileType = wrapper.application; includeInIndex = 0; path = GuillermoCreativity.app; sourceTree = BUILT_PRODUCTS_DIR; };
		958F89DF218B3CC700AE4EF2 /* AppDelegate.swift */ = {isa = PBXFileReference; lastKnownFileType = sourcecode.swift; path = AppDelegate.swift; sourceTree = "<group>"; };
		958F89E1218B3CC700AE4EF2 /* ArtViewController.swift */ = {isa = PBXFileReference; lastKnownFileType = sourcecode.swift; path = ArtViewController.swift; sourceTree = "<group>"; };
		958F89E4218B3CC700AE4EF2 /* Base */ = {isa = PBXFileReference; lastKnownFileType = file.storyboard; name = Base; path = Base.lproj/Main.storyboard; sourceTree = "<group>"; };
		958F89E6218B3CC900AE4EF2 /* Assets.xcassets */ = {isa = PBXFileReference; lastKnownFileType = folder.assetcatalog; path = Assets.xcassets; sourceTree = "<group>"; };
		958F89E9218B3CC900AE4EF2 /* Base */ = {isa = PBXFileReference; lastKnownFileType = file.storyboard; name = Base; path = Base.lproj/LaunchScreen.storyboard; sourceTree = "<group>"; };
		958F89EB218B3CC900AE4EF2 /* Info.plist */ = {isa = PBXFileReference; lastKnownFileType = text.plist.xml; path = Info.plist; sourceTree = "<group>"; };
		958F89F4218B4B5400AE4EF2 /* DrawingView.swift */ = {isa = PBXFileReference; lastKnownFileType = sourcecode.swift; path = DrawingView.swift; sourceTree = "<group>"; };
/* End PBXFileReference section */

/* Begin PBXFrameworksBuildPhase section */
		958F89D9218B3CC700AE4EF2 /* Frameworks */ = {
			isa = PBXFrameworksBuildPhase;
			buildActionMask = 2147483647;
			files = (
			);
			runOnlyForDeploymentPostprocessing = 0;
		};
/* End PBXFrameworksBuildPhase section */

/* Begin PBXGroup section */
		958F89D3218B3CC600AE4EF2 = {
			isa = PBXGroup;
			children = (
				958F89DE218B3CC700AE4EF2 /* GuillermoCreativity */,
				958F89DD218B3CC700AE4EF2 /* Products */,
			);
			sourceTree = "<group>";
		};
		958F89DD218B3CC700AE4EF2 /* Products */ = {
			isa = PBXGroup;
			children = (
				958F89DC218B3CC700AE4EF2 /* GuillermoCreativity.app */,
			);
			name = Products;
			sourceTree = "<group>";
		};
		958F89DE218B3CC700AE4EF2 /* GuillermoCreativity */ = {
			isa = PBXGroup;
			children = (
				958F89F1218B3CD800AE4EF2 /* Resources */,
				958F89F3218B3CF300AE4EF2 /* Controller */,
				958F89F2218B3CE700AE4EF2 /* View */,
			);
			path = GuillermoCreativity;
			sourceTree = "<group>";
		};
		958F89F1218B3CD800AE4EF2 /* Resources */ = {
			isa = PBXGroup;
			children = (
				958F89DF218B3CC700AE4EF2 /* AppDelegate.swift */,
				958F89E6218B3CC900AE4EF2 /* Assets.xcassets */,
				958F89EB218B3CC900AE4EF2 /* Info.plist */,
			);
			path = Resources;
			sourceTree = "<group>";
		};
		958F89F2218B3CE700AE4EF2 /* View */ = {
			isa = PBXGroup;
			children = (
				958F89E3218B3CC700AE4EF2 /* Main.storyboard */,
				958F89E8218B3CC900AE4EF2 /* LaunchScreen.storyboard */,
				958F89F4218B4B5400AE4EF2 /* DrawingView.swift */,
			);
			path = View;
			sourceTree = "<group>";
		};
		958F89F3218B3CF300AE4EF2 /* Controller */ = {
			isa = PBXGroup;
			children = (
				958F89E1218B3CC700AE4EF2 /* ArtViewController.swift */,
			);
			path = Controller;
			sourceTree = "<group>";
		};
/* End PBXGroup section */

/* Begin PBXNativeTarget section */
		958F89DB218B3CC700AE4EF2 /* GuillermoCreativity */ = {
			isa = PBXNativeTarget;
			buildConfigurationList = 958F89EE218B3CC900AE4EF2 /* Build configuration list for PBXNativeTarget "GuillermoCreativity" */;
			buildPhases = (
				958F89D8218B3CC700AE4EF2 /* Sources */,
				958F89D9218B3CC700AE4EF2 /* Frameworks */,
				958F89DA218B3CC700AE4EF2 /* Resources */,
			);
			buildRules = (
			);
			dependencies = (
			);
			name = GuillermoCreativity;
			productName = CreativityProject;
			productReference = 958F89DC218B3CC700AE4EF2 /* GuillermoCreativity.app */;
			productType = "com.apple.product-type.application";
		};
/* End PBXNativeTarget section */

/* Begin PBXProject section */
		958F89D4218B3CC700AE4EF2 /* Project object */ = {
			isa = PBXProject;
			attributes = {
				LastSwiftUpdateCheck = 0940;
				LastUpgradeCheck = 0940;
				ORGANIZATIONNAME = CTEC;
				TargetAttributes = {
					958F89DB218B3CC700AE4EF2 = {
						CreatedOnToolsVersion = 9.4.1;
					};
				};
			};
			buildConfigurationList = 958F89D7218B3CC700AE4EF2 /* Build configuration list for PBXProject "GuillermoCreativity" */;
			compatibilityVersion = "Xcode 9.3";
			developmentRegion = en;
			hasScannedForEncodings = 0;
			knownRegions = (
				en,
				Base,
			);
			mainGroup = 958F89D3218B3CC600AE4EF2;
			productRefGroup = 958F89DD218B3CC700AE4EF2 /* Products */;
			projectDirPath = "";
			projectRoot = "";
			targets = (
				958F89DB218B3CC700AE4EF2 /* GuillermoCreativity */,
			);
		};
/* End PBXProject section */

/* Begin PBXResourcesBuildPhase section */
		958F89DA218B3CC700AE4EF2 /* Resources */ = {
			isa = PBXResourcesBuildPhase;
			buildActionMask = 2147483647;
			files = (
				958F89EA218B3CC900AE4EF2 /* LaunchScreen.storyboard in Resources */,
				958F89E7218B3CC900AE4EF2 /* Assets.xcassets in Resources */,
				958F89E5218B3CC700AE4EF2 /* Main.storyboard in Resources */,
			);
			runOnlyForDeploymentPostprocessing = 0;
		};
/* End PBXResourcesBuildPhase section */

/* Begin PBXSourcesBuildPhase section */
		958F89D8218B3CC700AE4EF2 /* Sources */ = {
			isa = PBXSourcesBuildPhase;
			buildActionMask = 2147483647;
			files = (
				958F89F5218B4B5400AE4EF2 /* DrawingView.swift in Sources */,
				958F89E2218B3CC700AE4EF2 /* ArtViewController.swift in Sources */,
				958F89E0218B3CC700AE4EF2 /* AppDelegate.swift in Sources */,
			);
			runOnlyForDeploymentPostprocessing = 0;
		};
/* End PBXSourcesBuildPhase section */

/* Begin PBXVariantGroup section */
		958F89E3218B3CC700AE4EF2 /* Main.storyboard */ = {
			isa = PBXVariantGroup;
			children = (
				958F89E4218B3CC700AE4EF2 /* Base */,
			);
			name = Main.storyboard;
			sourceTree = "<group>";
		};
		958F89E8218B3CC900AE4EF2 /* LaunchScreen.storyboard */ = {
			isa = PBXVariantGroup;
			children = (
				958F89E9218B3CC900AE4EF2 /* Base */,
			);
			name = LaunchScreen.storyboard;
			sourceTree = "<group>";
		};
/* End PBXVariantGroup section */

/* Begin XCBuildConfiguration section */
		958F89EC218B3CC900AE4EF2 /* Debug */ = {
			isa = XCBuildConfiguration;
			buildSettings = {
				ALWAYS_SEARCH_USER_PATHS = NO;
				CLANG_ANALYZER_NONNULL = YES;
				CLANG_ANALYZER_NUMBER_OBJECT_CONVERSION = YES_AGGRESSIVE;
				CLANG_CXX_LANGUAGE_STANDARD = "gnu++14";
				CLANG_CXX_LIBRARY = "libc++";
				CLANG_ENABLE_MODULES = YES;
				CLANG_ENABLE_OBJC_ARC = YES;
				CLANG_ENABLE_OBJC_WEAK = YES;
				CLANG_WARN_BLOCK_CAPTURE_AUTORELEASING = YES;
				CLANG_WARN_BOOL_CONVERSION = YES;
				CLANG_WARN_COMMA = YES;
				CLANG_WARN_CONSTANT_CONVERSION = YES;
				CLANG_WARN_DEPRECATED_OBJC_IMPLEMENTATIONS = YES;
				CLANG_WARN_DIRECT_OBJC_ISA_USAGE = YES_ERROR;
				CLANG_WARN_DOCUMENTATION_COMMENTS = YES;
				CLANG_WARN_EMPTY_BODY = YES;
				CLANG_WARN_ENUM_CONVERSION = YES;
				CLANG_WARN_INFINITE_RECURSION = YES;
				CLANG_WARN_INT_CONVERSION = YES;
				CLANG_WARN_NON_LITERAL_NULL_CONVERSION = YES;
				CLANG_WARN_OBJC_IMPLICIT_RETAIN_SELF = YES;
				CLANG_WARN_OBJC_LITERAL_CONVERSION = YES;
				CLANG_WARN_OBJC_ROOT_CLASS = YES_ERROR;
				CLANG_WARN_RANGE_LOOP_ANALYSIS = YES;
				CLANG_WARN_STRICT_PROTOTYPES = YES;
				CLANG_WARN_SUSPICIOUS_MOVE = YES;
				CLANG_WARN_UNGUARDED_AVAILABILITY = YES_AGGRESSIVE;
				CLANG_WARN_UNREACHABLE_CODE = YES;
				CLANG_WARN__DUPLICATE_METHOD_MATCH = YES;
				CODE_SIGN_IDENTITY = "iPhone Developer";
				COPY_PHASE_STRIP = NO;
				DEBUG_INFORMATION_FORMAT = dwarf;
				ENABLE_STRICT_OBJC_MSGSEND = YES;
				ENABLE_TESTABILITY = YES;
				GCC_C_LANGUAGE_STANDARD = gnu11;
				GCC_DYNAMIC_NO_PIC = NO;
				GCC_NO_COMMON_BLOCKS = YES;
				GCC_OPTIMIZATION_LEVEL = 0;
				GCC_PREPROCESSOR_DEFINITIONS = (
					"DEBUG=1",
					"$(inherited)",
				);
				GCC_WARN_64_TO_32_BIT_CONVERSION = YES;
				GCC_WARN_ABOUT_RETURN_TYPE = YES_ERROR;
				GCC_WARN_UNDECLARED_SELECTOR = YES;
				GCC_WARN_UNINITIALIZED_AUTOS = YES_AGGRESSIVE;
				GCC_WARN_UNUSED_FUNCTION = YES;
				GCC_WARN_UNUSED_VARIABLE = YES;
				IPHONEOS_DEPLOYMENT_TARGET = 11.4;
				MTL_ENABLE_DEBUG_INFO = YES;
				ONLY_ACTIVE_ARCH = YES;
				SDKROOT = iphoneos;
				SWIFT_ACTIVE_COMPILATION_CONDITIONS = DEBUG;
				SWIFT_OPTIMIZATION_LEVEL = "-Onone";
			};
			name = Debug;
		};
		958F89ED218B3CC900AE4EF2 /* Release */ = {
			isa = XCBuildConfiguration;
			buildSettings = {
				ALWAYS_SEARCH_USER_PATHS = NO;
				CLANG_ANALYZER_NONNULL = YES;
				CLANG_ANALYZER_NUMBER_OBJECT_CONVERSION = YES_AGGRESSIVE;
				CLANG_CXX_LANGUAGE_STANDARD = "gnu++14";
				CLANG_CXX_LIBRARY = "libc++";
				CLANG_ENABLE_MODULES = YES;
				CLANG_ENABLE_OBJC_ARC = YES;
				CLANG_ENABLE_OBJC_WEAK = YES;
				CLANG_WARN_BLOCK_CAPTURE_AUTORELEASING = YES;
				CLANG_WARN_BOOL_CONVERSION = YES;
				CLANG_WARN_COMMA = YES;
				CLANG_WARN_CONSTANT_CONVERSION = YES;
				CLANG_WARN_DEPRECATED_OBJC_IMPLEMENTATIONS = YES;
				CLANG_WARN_DIRECT_OBJC_ISA_USAGE = YES_ERROR;
				CLANG_WARN_DOCUMENTATION_COMMENTS = YES;
				CLANG_WARN_EMPTY_BODY = YES;
				CLANG_WARN_ENUM_CONVERSION = YES;
				CLANG_WARN_INFINITE_RECURSION = YES;
				CLANG_WARN_INT_CONVERSION = YES;
				CLANG_WARN_NON_LITERAL_NULL_CONVERSION = YES;
				CLANG_WARN_OBJC_IMPLICIT_RETAIN_SELF = YES;
				CLANG_WARN_OBJC_LITERAL_CONVERSION = YES;
				CLANG_WARN_OBJC_ROOT_CLASS = YES_ERROR;
				CLANG_WARN_RANGE_LOOP_ANALYSIS = YES;
				CLANG_WARN_STRICT_PROTOTYPES = YES;
				CLANG_WARN_SUSPICIOUS_MOVE = YES;
				CLANG_WARN_UNGUARDED_AVAILABILITY = YES_AGGRESSIVE;
				CLANG_WARN_UNREACHABLE_CODE = YES;
				CLANG_WARN__DUPLICATE_METHOD_MATCH = YES;
				CODE_SIGN_IDENTITY = "iPhone Developer";
				COPY_PHASE_STRIP = NO;
				DEBUG_INFORMATION_FORMAT = "dwarf-with-dsym";
				ENABLE_NS_ASSERTIONS = NO;
				ENABLE_STRICT_OBJC_MSGSEND = YES;
				GCC_C_LANGUAGE_STANDARD = gnu11;
				GCC_NO_COMMON_BLOCKS = YES;
				GCC_WARN_64_TO_32_BIT_CONVERSION = YES;
				GCC_WARN_ABOUT_RETURN_TYPE = YES_ERROR;
				GCC_WARN_UNDECLARED_SELECTOR = YES;
				GCC_WARN_UNINITIALIZED_AUTOS = YES_AGGRESSIVE;
				GCC_WARN_UNUSED_FUNCTION = YES;
				GCC_WARN_UNUSED_VARIABLE = YES;
				IPHONEOS_DEPLOYMENT_TARGET = 11.4;
				MTL_ENABLE_DEBUG_INFO = NO;
				SDKROOT = iphoneos;
				SWIFT_COMPILATION_MODE = wholemodule;
				SWIFT_OPTIMIZATION_LEVEL = "-O";
				VALIDATE_PRODUCT = YES;
			};
			name = Release;
		};
		958F89EF218B3CC900AE4EF2 /* Debug */ = {
			isa = XCBuildConfiguration;
			buildSettings = {
				ASSETCATALOG_COMPILER_APPICON_NAME = AppIcon;
				CODE_SIGN_STYLE = Automatic;
				INFOPLIST_FILE = "$(SRCROOT)/CreativityProject/Resources/Info.plist";
				LD_RUNPATH_SEARCH_PATHS = (
					"$(inherited)",
					"@executable_path/Frameworks",
				);
				PRODUCT_BUNDLE_IDENTIFIER = CTEC.CreativityProject;
				PRODUCT_NAME = "$(TARGET_NAME)";
				SWIFT_VERSION = 4.0;
				TARGETED_DEVICE_FAMILY = "1,2";
			};
			name = Debug;
		};
		958F89F0218B3CC900AE4EF2 /* Release */ = {
			isa = XCBuildConfiguration;
			buildSettings = {
				ASSETCATALOG_COMPILER_APPICON_NAME = AppIcon;
				CODE_SIGN_STYLE = Automatic;
				INFOPLIST_FILE = "$(SRCROOT)/CreativityProject/Resources/Info.plist";
				LD_RUNPATH_SEARCH_PATHS = (
					"$(inherited)",
					"@executable_path/Frameworks",
				);
				PRODUCT_BUNDLE_IDENTIFIER = CTEC.CreativityProject;
				PRODUCT_NAME = "$(TARGET_NAME)";
				SWIFT_VERSION = 4.0;
				TARGETED_DEVICE_FAMILY = "1,2";
			};
			name = Release;
		};
/* End XCBuildConfiguration section */

/* Begin XCConfigurationList section */
		958F89D7218B3CC700AE4EF2 /* Build configuration list for PBXProject "GuillermoCreativity" */ = {
			isa = XCConfigurationList;
			buildConfigurations = (
				958F89EC218B3CC900AE4EF2 /* Debug */,
				958F89ED218B3CC900AE4EF2 /* Release */,
			);
			defaultConfigurationIsVisible = 0;
			defaultConfigurationName = Release;
		};
		958F89EE218B3CC900AE4EF2 /* Build configuration list for PBXNativeTarget "GuillermoCreativity" */ = {
			isa = XCConfigurationList;
			buildConfigurations = (
				958F89EF218B3CC900AE4EF2 /* Debug */,
				958F89F0218B3CC900AE4EF2 /* Release */,
			);
			defaultConfigurationIsVisible = 0;
			defaultConfigurationName = Release;
		};
/* End XCConfigurationList section */
	};
	rootObject = 958F89D4218B3CC700AE4EF2 /* Project object */;
}
